NeoBundleLock HTML-AutoCloseTag c2f6f59cf5c08dd487ef361f93ba09317a840e25
NeoBundleLock Lightning b0c91db69f0bc83220ad20bcd5aec66882e4b93b
NeoBundleLock beauty256 9e71770bb9fe4dd6e42a08ae2a61208708e3d3c7
NeoBundleLock ctrlp.vim 97490deda3326182281133454b8813850db4c444
NeoBundleLock fonts a44abd0e742ad6e7fd8d8bc4c3cad5155c9f3a92
NeoBundleLock jellybeans.vim f931895c20681684278aef2ffd810730b9c36ec3
NeoBundleLock materialbox 2061e4fcd98555147e849061c1dccac09c972349
NeoBundleLock molokai c67bdfcdb31415aa0ade7f8c003261700a885476
NeoBundleLock neobundle.vim 0541b3becbb796a3a4c58c91620cde664527179b
NeoBundleLock neocomplete.vim 4c108ddadcf44c83c2ee38e5ac0dc8b0b31ed9a8
NeoBundleLock neosnippet ac6ac62a5bf259f2db5aaf0751b919b377d1a9b2
NeoBundleLock neosnippet-snippets 1c6dacb99fcbeb186646ecafda3f07e07484b326
NeoBundleLock nerdtree 4ebbb533c3faf2c480211db2b547972bb3b60f2b
NeoBundleLock rust.vim 99242777d79432f894f0357410fafa455a91c351
NeoBundleLock swift.vim 3429aa2e7e1357f5aa32339bba495957f78a6a34
NeoBundleLock syntastic 189be0ae74372c13d5a87c72753a86e796812b58
NeoBundleLock vim-airline 01383136565840a63aa056b82c74be40afcb8ba3
NeoBundleLock vim-autoformat 5ed4c3cfcbe1df13560db3b29da039a41631711b
NeoBundleLock vim-bufferline 57f0e8afff4af59fbfaf557ca6b584209cbedda3
NeoBundleLock vim-colors-solarized 528a59f26d12278698bb946f8fb82a63711eec21
NeoBundleLock vim-colorscheme-primary 6b57c1056f1e30642db493fe9685893a4a75d4aa
NeoBundleLock vim-commentary e0f4850d78137a35b9461c530078bd77f39e4dce
NeoBundleLock vim-css3-syntax 085e6994ed2c6e045d9d63e6b3dbfcd911f89216
NeoBundleLock vim-fugitive 18d6d1ab82d9ac15586d7d3c1a36f9ef6fb50eae
NeoBundleLock vim-go eec4e3e8a8227fe24618e114ff2e644615f51ad6
NeoBundleLock vim-hybrid 37a2d17c8d7b6cfe5288ef01b9b574828420de62
NeoBundleLock vim-indent-guides 49bde6fa30648345ffabfe55b3a095a293568a2e
NeoBundleLock vim-javascript 1d8c2677d26d6b3950b90dc1636e63334c8efc3b
NeoBundleLock vim-json f5e3181d0b33a9c51377bb7ea8492feddca8b503
NeoBundleLock vim-markdown de42c8a325fa964f0e3031fe0c029e7437195106
NeoBundleLock vim-monokai 9f1a9d07a54505a69bd5447e216ded19e2ebe97f
NeoBundleLock vim-snippets 40bcbf8a34a53d54e34fae9e4122ce25b7225144
NeoBundleLock vim-toml f6f79f3cc6740dfacca73a195857cbc45e778912
