NeoBundleLock HTML-AutoCloseTag c2f6f59cf5c08dd487ef361f93ba09317a840e25
NeoBundleLock Lightning b0c91db69f0bc83220ad20bcd5aec66882e4b93b
NeoBundleLock beauty256 9e71770bb9fe4dd6e42a08ae2a61208708e3d3c7
NeoBundleLock ctrlp.vim 28fce0fb860fe8df0915da1de1fb6e90d6ab2edc
NeoBundleLock fonts a44abd0e742ad6e7fd8d8bc4c3cad5155c9f3a92
NeoBundleLock jellybeans.vim e0b9ef9ff42b91133d7da5d36d2c264994cc3cdd
NeoBundleLock materialbox 2061e4fcd98555147e849061c1dccac09c972349
NeoBundleLock molokai c67bdfcdb31415aa0ade7f8c003261700a885476
NeoBundleLock neobundle.vim 6bf4fa1cf3cebfed76f5e300949faef0b78fbfbc
NeoBundleLock neocomplete.vim 81d39635625730ca43f08762e2908b96e7b7f077
NeoBundleLock neosnippet ce3c3d209c38a6d87bbf1408d293e179f95e7bb8
NeoBundleLock neosnippet-snippets 116fa4fd01e22b581fa6936914b97720463f14b6
NeoBundleLock nerdtree 15445be5fb2559829ac7a1f05af5d713586e8ec9
NeoBundleLock rust.vim 115d321d383eb96d438466c56cc871fcc1bd0faa
NeoBundleLock swift.vim 59282ab334d6c1c5426673d519f02bc0021ff618
NeoBundleLock syntastic c2c6a075113adbfcc4f1ad5b1c0200a0d35ceeb6
NeoBundleLock vim-airline 0d05196426a65bf9352724e916a3181956570381
NeoBundleLock vim-autoformat 564b7fb55194ea61302ff4e947462e7146a4e84e
NeoBundleLock vim-bufferline 651fd010aa9613a4b8636a4af8a2db0d22800262
NeoBundleLock vim-colors-solarized 528a59f26d12278698bb946f8fb82a63711eec21
NeoBundleLock vim-colorscheme-primary 6b57c1056f1e30642db493fe9685893a4a75d4aa
NeoBundleLock vim-commentary 73e0d9a9d1f51b6cc9dc965f62669194ae851cb1
NeoBundleLock vim-css3-syntax 69129fdb5af4112b11807f5ec20f990d38cc9f69
NeoBundleLock vim-fugitive 3439f999b138254e4bb56187fc91f91f545b4b12
NeoBundleLock vim-go 1ec3373f2fafaf6f0614f999bce831e2c51106f8
NeoBundleLock vim-hybrid cc58baabeabc7b83768e25b852bf89c34756bf90
NeoBundleLock vim-indent-guides 018298ead9d3aa9cd3b4ae222f81022a33978b09
NeoBundleLock vim-javascript d7f4728f830173d5894009771432d329d9098f17
NeoBundleLock vim-json f5e3181d0b33a9c51377bb7ea8492feddca8b503
NeoBundleLock vim-markdown 5c21f1677180b76310a05e5a9fce46de64c23041
NeoBundleLock vim-monokai 2b40c36fe9dd374c5295b9f75f374ba8757dccd2
NeoBundleLock vim-snippets f84d1efb5f1225f9898a8bc62e42835b6fa73384
NeoBundleLock vim-toml f6f79f3cc6740dfacca73a195857cbc45e778912
