NeoBundleLock HTML-AutoCloseTag c2f6f59cf5c08dd487ef361f93ba09317a840e25
NeoBundleLock Lightning b0c91db69f0bc83220ad20bcd5aec66882e4b93b
NeoBundleLock beauty256 9e71770bb9fe4dd6e42a08ae2a61208708e3d3c7
NeoBundleLock ctrlp.vim 7f74368d85bb521951dd58123349ce66b947d058
NeoBundleLock fonts a44abd0e742ad6e7fd8d8bc4c3cad5155c9f3a92
NeoBundleLock jellybeans.vim f931895c20681684278aef2ffd810730b9c36ec3
NeoBundleLock materialbox 2061e4fcd98555147e849061c1dccac09c972349
NeoBundleLock molokai c67bdfcdb31415aa0ade7f8c003261700a885476
NeoBundleLock neobundle.vim 75970656edf8a3476cd417e7924a3461ae1045f8
NeoBundleLock neocomplete.vim 36b29b299e1c24917ff4f15b4941c66641019895
NeoBundleLock neosnippet 52f8a2948957018572760837c165113dbb450e2b
NeoBundleLock neosnippet-snippets ac866f64a507f8a9c7e2691d947e5eaea679e50b
NeoBundleLock nerdtree 4ebbb533c3faf2c480211db2b547972bb3b60f2b
NeoBundleLock rust.vim 99242777d79432f894f0357410fafa455a91c351
NeoBundleLock swift.vim 7d7c6e33ba752ff8eb860cfc73b5dee57c3e15f0
NeoBundleLock syntastic d1a179d750bd1d136d7f38e69f2c5b8439886de7
NeoBundleLock vim-airline fb76dfbca1fbc4ae5a946835135cb32b72be6a66
NeoBundleLock vim-autoformat 5ed4c3cfcbe1df13560db3b29da039a41631711b
NeoBundleLock vim-bufferline 57f0e8afff4af59fbfaf557ca6b584209cbedda3
NeoBundleLock vim-colors-solarized 528a59f26d12278698bb946f8fb82a63711eec21
NeoBundleLock vim-colorscheme-primary 6b57c1056f1e30642db493fe9685893a4a75d4aa
NeoBundleLock vim-commentary e0f4850d78137a35b9461c530078bd77f39e4dce
NeoBundleLock vim-css3-syntax 0d54d6319f82aa077d5da0b19a41fd8ef198da42
NeoBundleLock vim-fugitive 9835920a3c91236021fc8c88cc4157304e24356b
NeoBundleLock vim-go b85b550c6cf3c838db5990a3b202069964429f05
NeoBundleLock vim-hybrid cc58baabeabc7b83768e25b852bf89c34756bf90
NeoBundleLock vim-indent-guides 49bde6fa30648345ffabfe55b3a095a293568a2e
NeoBundleLock vim-javascript 1d8c2677d26d6b3950b90dc1636e63334c8efc3b
NeoBundleLock vim-json f5e3181d0b33a9c51377bb7ea8492feddca8b503
NeoBundleLock vim-markdown ee550a7b2b47010fda7e5568dbffebd986ead080
NeoBundleLock vim-monokai 9f1a9d07a54505a69bd5447e216ded19e2ebe97f
NeoBundleLock vim-snippets 0fc7fd1181f33b26c015d0f306d149b756f9d679
NeoBundleLock vim-toml f6f79f3cc6740dfacca73a195857cbc45e778912
