NeoBundleLock HTML-AutoCloseTag c2f6f59cf5c08dd487ef361f93ba09317a840e25
NeoBundleLock Lightning 18325deaa37eea0ce69f043511e115621b9ba76e
NeoBundleLock beauty256 18325deaa37eea0ce69f043511e115621b9ba76e
NeoBundleLock ctrlp.vim 18325deaa37eea0ce69f043511e115621b9ba76e
NeoBundleLock fonts a44abd0e742ad6e7fd8d8bc4c3cad5155c9f3a92
NeoBundleLock jellybeans.vim 18325deaa37eea0ce69f043511e115621b9ba76e
NeoBundleLock materialbox 18325deaa37eea0ce69f043511e115621b9ba76e
NeoBundleLock molokai 18325deaa37eea0ce69f043511e115621b9ba76e
NeoBundleLock neobundle.vim e89b79b748a2f54893bb8fba70ca808d8ee554c7
NeoBundleLock neocomplete.vim d1cb4c57e5eb8b453b63432dcbcb45a15c0fd07e
NeoBundleLock neosnippet ff5d9e44adec997c52664ddcdc88783f901ed9f5
NeoBundleLock neosnippet-snippets f73796e2c619f3faf52828d7f834a5e791ba1ea1
NeoBundleLock nerdtree 18325deaa37eea0ce69f043511e115621b9ba76e
NeoBundleLock rust.vim 2fa3e213e713d981633ed7db4483296055a20bea
NeoBundleLock swift.vim 18325deaa37eea0ce69f043511e115621b9ba76e
NeoBundleLock syntastic 48736aa376341518d7bedf3a39daf0ae9e1dcdc0
NeoBundleLock vim-airline 14d14cf951c08fc88ca6c3e6f28fe47b99421e23
NeoBundleLock vim-autoformat 5ed4c3cfcbe1df13560db3b29da039a41631711b
NeoBundleLock vim-bufferline 57f0e8afff4af59fbfaf557ca6b584209cbedda3
NeoBundleLock vim-colors-solarized 528a59f26d12278698bb946f8fb82a63711eec21
NeoBundleLock vim-colorscheme-primary 18325deaa37eea0ce69f043511e115621b9ba76e
NeoBundleLock vim-commentary 18325deaa37eea0ce69f043511e115621b9ba76e
NeoBundleLock vim-css3-syntax dc363c34d348842ae82cd1f1d00663d7a600b88d
NeoBundleLock vim-fugitive 8851b8fe643517af160f59dfc3d88a0c4eed1fa5
NeoBundleLock vim-go 70c363044df808e34d947815d01a37d4e7564421
NeoBundleLock vim-hybrid 18325deaa37eea0ce69f043511e115621b9ba76e
NeoBundleLock vim-indent-guides 49bde6fa30648345ffabfe55b3a095a293568a2e
NeoBundleLock vim-javascript 1d8c2677d26d6b3950b90dc1636e63334c8efc3b
NeoBundleLock vim-json f5e3181d0b33a9c51377bb7ea8492feddca8b503
NeoBundleLock vim-markdown 15d19778a3be4ab3f949cba636d53a87e2c03f29
NeoBundleLock vim-monokai 18325deaa37eea0ce69f043511e115621b9ba76e
NeoBundleLock vim-snippets cb063bed37d4114d2eb110eb7b495a2f65bcfd97
NeoBundleLock vim-toml f6f79f3cc6740dfacca73a195857cbc45e778912
